
Microsoft Visual Studio Solution File, Format Version 12.00
# Visual Studio Version 16
VisualStudioVersion = 16.0.31911.196
MinimumVisualStudioVersion = 10.0.40219.1
Project("{2150E333-8FDC-42A3-9474-1A3956D46DE8}") = "01-TiposDados", "01-TiposDados", "{8AC82274-F01B-496F-B93E-FF1FC9A912EB}"
EndProject
Project("{2150E333-8FDC-42A3-9474-1A3956D46DE8}") = "1-Primitivos-EstruturadosComplexos", "1-Primitivos-EstruturadosComplexos", "{DDCAB1C9-E321-45BF-BC7F-1C634A146F8E}"
EndProject
Project("{9A19103F-16F7-4668-BE54-9A1E7A4F7556}") = "Dados1", "Dados1\Dados1.csproj", "{AAED8363-3450-44B8-8243-DA5096C02BAE}"
EndProject
Project("{9A19103F-16F7-4668-BE54-9A1E7A4F7556}") = "Dados2", "Dados2\Dados2.csproj", "{283DC603-AE29-459F-BAFB-C64B313A0A89}"
EndProject
Project("{2150E333-8FDC-42A3-9474-1A3956D46DE8}") = "2-Construcao-de-tipos(estruturados complexo)", "2-Construcao-de-tipos(estruturados complexo)", "{FE891182-FC8D-4ADA-8173-D93EFFF163DA}"
EndProject
Project("{9A19103F-16F7-4668-BE54-9A1E7A4F7556}") = "Dados3", "Dados3\Dados3.csproj", "{B0FF9836-E750-43AF-9D9F-2F9C18E2A571}"
EndProject
Project("{9A19103F-16F7-4668-BE54-9A1E7A4F7556}") = "Dados4", "Dados4\Dados4.csproj", "{EAA871C1-C74D-48CA-AD66-BA8B1649F5BD}"
EndProject
Project("{2150E333-8FDC-42A3-9474-1A3956D46DE8}") = "3-Classes", "3-Classes", "{F7D7084D-51F4-4F09-8557-65925ED4D5FD}"
EndProject
Project("{9A19103F-16F7-4668-BE54-9A1E7A4F7556}") = "Dados5", "Dados5\Dados5.csproj", "{0A1A8374-F47E-4CAE-A44D-156EFC5AE427}"
EndProject
Project("{2150E333-8FDC-42A3-9474-1A3956D46DE8}") = "4-Operadores(Aritmeticos-relacionais-logicos)", "4-Operadores(Aritmeticos-relacionais-logicos)", "{347ED99B-7DA9-4634-A575-B7AE0AF7D3E7}"
EndProject
Project("{9A19103F-16F7-4668-BE54-9A1E7A4F7556}") = "Operadores", "Operadores\Operadores.csproj", "{1701FE20-53C5-453F-AFD0-B558EED9AEF7}"
EndProject
Project("{2150E333-8FDC-42A3-9474-1A3956D46DE8}") = "02-VetoresMatrizes", "02-VetoresMatrizes", "{C61BF758-3435-4BCE-A16F-51E44308A652}"
EndProject
Project("{9A19103F-16F7-4668-BE54-9A1E7A4F7556}") = "1-Vetor-Matriz", "1-Vetor-Matriz\1-Vetor-Matriz.csproj", "{8EEC99EF-10F4-453A-8D48-96B95ABD51F5}"
EndProject
Project("{2150E333-8FDC-42A3-9474-1A3956D46DE8}") = "1-Vetor e Matriz", "1-Vetor e Matriz", "{F46724B2-6D04-42FA-B7AF-E8FBD7C050EB}"
EndProject
Project("{2150E333-8FDC-42A3-9474-1A3956D46DE8}") = "2-Treinos- VetoresEMatrizes", "2-Treinos- VetoresEMatrizes", "{BB365219-98C6-41FA-9D79-7EC2FCE8766A}"
EndProject
Project("{9A19103F-16F7-4668-BE54-9A1E7A4F7556}") = "Matriz1", "Matriz1\Matriz1.csproj", "{42037B40-909E-4F7F-B122-3BA5E3D74D77}"
EndProject
Project("{9A19103F-16F7-4668-BE54-9A1E7A4F7556}") = "Matriz2", "Matriz2\Matriz2.csproj", "{1133B5D4-FC8F-47E0-954C-14099D712007}"
EndProject
Project("{9A19103F-16F7-4668-BE54-9A1E7A4F7556}") = "Ordenar", "Ordenar\Ordenar.csproj", "{D9441719-EB37-43DC-9C6A-B1D611A83F51}"
EndProject
Project("{9A19103F-16F7-4668-BE54-9A1E7A4F7556}") = "MultMatriz", "MultMatriz\MultMatriz.csproj", "{5EAC1F07-F332-46A7-A204-09AC5AEF3410}"
EndProject
Project("{2150E333-8FDC-42A3-9474-1A3956D46DE8}") = "03-ListasLineares", "03-ListasLineares", "{A3DCEBEC-02D0-49C3-9D40-D33DEB016C0C}"
EndProject
Project("{9A19103F-16F7-4668-BE54-9A1E7A4F7556}") = "Dados6", "Dados6\Dados6.csproj", "{3B686D43-D014-4AC2-80AC-B64CF55C56F6}"
EndProject
Project("{9A19103F-16F7-4668-BE54-9A1E7A4F7556}") = "Dados6a", "Dados6a\Dados6a.csproj", "{FAFB90F1-32C8-4FF4-B314-339611AD3963}"
EndProject
Project("{9A19103F-16F7-4668-BE54-9A1E7A4F7556}") = "Dados7a", "Dados7a\Dados7a.csproj", "{8908F7E9-052C-4F03-AD4F-F75D8E99F83A}"
EndProject
Project("{2150E333-8FDC-42A3-9474-1A3956D46DE8}") = "00-GeralCSharp", "00-GeralCSharp", "{5D09A310-81C7-402C-A016-926A87154184}"
EndProject
Project("{2150E333-8FDC-42A3-9474-1A3956D46DE8}") = "Classes", "Classes", "{4A4BBE71-7A8B-49FB-A4D6-692E8B6E3365}"
EndProject
Project("{9A19103F-16F7-4668-BE54-9A1E7A4F7556}") = "Classes", "Classes\Classes.csproj", "{457E3ED0-73B5-44F6-AF25-30028772B54A}"
EndProject
Project("{2150E333-8FDC-42A3-9474-1A3956D46DE8}") = "Métodos", "Métodos", "{CC29E901-EE78-46D2-8BC0-1CFE047500AB}"
EndProject
Project("{9A19103F-16F7-4668-BE54-9A1E7A4F7556}") = "Metodos", "Metodos\Metodos.csproj", "{99C46784-5AEA-4188-806D-C7DA0A2AAE7A}"
EndProject
Project("{2150E333-8FDC-42A3-9474-1A3956D46DE8}") = "Construtores", "Construtores", "{3E13BA11-31F6-47EF-880B-63ED146E04B8}"
EndProject
Project("{9A19103F-16F7-4668-BE54-9A1E7A4F7556}") = "Dados8a", "Dados8a\Dados8a.csproj", "{51D16BA6-E0BB-4B85-BD10-E991D68FF240}"
EndProject
Project("{9A19103F-16F7-4668-BE54-9A1E7A4F7556}") = "ModeloSoma", "ModeloSoma\ModeloSoma.csproj", "{3B7EEE5F-EFC0-44A1-AB0E-12F17E1A665E}"
EndProject
Project("{9A19103F-16F7-4668-BE54-9A1E7A4F7556}") = "ModeloSoma1a", "ModeloSoma1a\ModeloSoma1a.csproj", "{94FF6832-DB60-4017-9235-4002A158531F}"
EndProject
Project("{9A19103F-16F7-4668-BE54-9A1E7A4F7556}") = "testesoma", "testesoma\testesoma.csproj", "{E8EB16A4-5D00-48F6-9D9A-74CCB3602E10}"
EndProject
Project("{9A19103F-16F7-4668-BE54-9A1E7A4F7556}") = "OOP", "OOP\OOP.csproj", "{02CE243B-C7D8-4021-B02C-C0C3B6B87289}"
EndProject
Project("{2150E333-8FDC-42A3-9474-1A3956D46DE8}") = "04-PesquisaDeDados", "04-PesquisaDeDados", "{BD7E7F52-DA81-48CB-A79E-ECF1157EE400}"
EndProject
Project("{9A19103F-16F7-4668-BE54-9A1E7A4F7556}") = "Dados27", "Dados27\Dados27.csproj", "{049E81EA-EE76-4EE6-826E-403CF1354600}"
EndProject
Project("{9A19103F-16F7-4668-BE54-9A1E7A4F7556}") = "Dados29", "Dados29\Dados29.csproj", "{2FB731D9-283A-4AEC-908A-134CD3532059}"
EndProject
Project("{2150E333-8FDC-42A3-9474-1A3956D46DE8}") = "06-Arvores", "06-Arvores", "{34EA9894-93BA-41F2-9E05-C660940EBE68}"
EndProject
Project("{9A19103F-16F7-4668-BE54-9A1E7A4F7556}") = "Dados37", "Dados37\Dados37.csproj", "{3F8FF605-F6FC-4834-9482-33450BCF8756}"
EndProject
Global
	GlobalSection(SolutionConfigurationPlatforms) = preSolution
		Debug|Any CPU = Debug|Any CPU
		Release|Any CPU = Release|Any CPU
	EndGlobalSection
	GlobalSection(ProjectConfigurationPlatforms) = postSolution
		{AAED8363-3450-44B8-8243-DA5096C02BAE}.Debug|Any CPU.ActiveCfg = Debug|Any CPU
		{AAED8363-3450-44B8-8243-DA5096C02BAE}.Debug|Any CPU.Build.0 = Debug|Any CPU
		{AAED8363-3450-44B8-8243-DA5096C02BAE}.Release|Any CPU.ActiveCfg = Release|Any CPU
		{AAED8363-3450-44B8-8243-DA5096C02BAE}.Release|Any CPU.Build.0 = Release|Any CPU
		{283DC603-AE29-459F-BAFB-C64B313A0A89}.Debug|Any CPU.ActiveCfg = Debug|Any CPU
		{283DC603-AE29-459F-BAFB-C64B313A0A89}.Debug|Any CPU.Build.0 = Debug|Any CPU
		{283DC603-AE29-459F-BAFB-C64B313A0A89}.Release|Any CPU.ActiveCfg = Release|Any CPU
		{283DC603-AE29-459F-BAFB-C64B313A0A89}.Release|Any CPU.Build.0 = Release|Any CPU
		{B0FF9836-E750-43AF-9D9F-2F9C18E2A571}.Debug|Any CPU.ActiveCfg = Debug|Any CPU
		{B0FF9836-E750-43AF-9D9F-2F9C18E2A571}.Debug|Any CPU.Build.0 = Debug|Any CPU
		{B0FF9836-E750-43AF-9D9F-2F9C18E2A571}.Release|Any CPU.ActiveCfg = Release|Any CPU
		{B0FF9836-E750-43AF-9D9F-2F9C18E2A571}.Release|Any CPU.Build.0 = Release|Any CPU
		{EAA871C1-C74D-48CA-AD66-BA8B1649F5BD}.Debug|Any CPU.ActiveCfg = Debug|Any CPU
		{EAA871C1-C74D-48CA-AD66-BA8B1649F5BD}.Debug|Any CPU.Build.0 = Debug|Any CPU
		{EAA871C1-C74D-48CA-AD66-BA8B1649F5BD}.Release|Any CPU.ActiveCfg = Release|Any CPU
		{EAA871C1-C74D-48CA-AD66-BA8B1649F5BD}.Release|Any CPU.Build.0 = Release|Any CPU
		{0A1A8374-F47E-4CAE-A44D-156EFC5AE427}.Debug|Any CPU.ActiveCfg = Debug|Any CPU
		{0A1A8374-F47E-4CAE-A44D-156EFC5AE427}.Debug|Any CPU.Build.0 = Debug|Any CPU
		{0A1A8374-F47E-4CAE-A44D-156EFC5AE427}.Release|Any CPU.ActiveCfg = Release|Any CPU
		{0A1A8374-F47E-4CAE-A44D-156EFC5AE427}.Release|Any CPU.Build.0 = Release|Any CPU
		{1701FE20-53C5-453F-AFD0-B558EED9AEF7}.Debug|Any CPU.ActiveCfg = Debug|Any CPU
		{1701FE20-53C5-453F-AFD0-B558EED9AEF7}.Debug|Any CPU.Build.0 = Debug|Any CPU
		{1701FE20-53C5-453F-AFD0-B558EED9AEF7}.Release|Any CPU.ActiveCfg = Release|Any CPU
		{1701FE20-53C5-453F-AFD0-B558EED9AEF7}.Release|Any CPU.Build.0 = Release|Any CPU
		{8EEC99EF-10F4-453A-8D48-96B95ABD51F5}.Debug|Any CPU.ActiveCfg = Debug|Any CPU
		{8EEC99EF-10F4-453A-8D48-96B95ABD51F5}.Debug|Any CPU.Build.0 = Debug|Any CPU
		{8EEC99EF-10F4-453A-8D48-96B95ABD51F5}.Release|Any CPU.ActiveCfg = Release|Any CPU
		{8EEC99EF-10F4-453A-8D48-96B95ABD51F5}.Release|Any CPU.Build.0 = Release|Any CPU
		{42037B40-909E-4F7F-B122-3BA5E3D74D77}.Debug|Any CPU.ActiveCfg = Debug|Any CPU
		{42037B40-909E-4F7F-B122-3BA5E3D74D77}.Debug|Any CPU.Build.0 = Debug|Any CPU
		{42037B40-909E-4F7F-B122-3BA5E3D74D77}.Release|Any CPU.ActiveCfg = Release|Any CPU
		{42037B40-909E-4F7F-B122-3BA5E3D74D77}.Release|Any CPU.Build.0 = Release|Any CPU
		{1133B5D4-FC8F-47E0-954C-14099D712007}.Debug|Any CPU.ActiveCfg = Debug|Any CPU
		{1133B5D4-FC8F-47E0-954C-14099D712007}.Debug|Any CPU.Build.0 = Debug|Any CPU
		{1133B5D4-FC8F-47E0-954C-14099D712007}.Release|Any CPU.ActiveCfg = Release|Any CPU
		{1133B5D4-FC8F-47E0-954C-14099D712007}.Release|Any CPU.Build.0 = Release|Any CPU
		{D9441719-EB37-43DC-9C6A-B1D611A83F51}.Debug|Any CPU.ActiveCfg = Debug|Any CPU
		{D9441719-EB37-43DC-9C6A-B1D611A83F51}.Debug|Any CPU.Build.0 = Debug|Any CPU
		{D9441719-EB37-43DC-9C6A-B1D611A83F51}.Release|Any CPU.ActiveCfg = Release|Any CPU
		{D9441719-EB37-43DC-9C6A-B1D611A83F51}.Release|Any CPU.Build.0 = Release|Any CPU
		{5EAC1F07-F332-46A7-A204-09AC5AEF3410}.Debug|Any CPU.ActiveCfg = Debug|Any CPU
		{5EAC1F07-F332-46A7-A204-09AC5AEF3410}.Debug|Any CPU.Build.0 = Debug|Any CPU
		{5EAC1F07-F332-46A7-A204-09AC5AEF3410}.Release|Any CPU.ActiveCfg = Release|Any CPU
		{5EAC1F07-F332-46A7-A204-09AC5AEF3410}.Release|Any CPU.Build.0 = Release|Any CPU
		{3B686D43-D014-4AC2-80AC-B64CF55C56F6}.Debug|Any CPU.ActiveCfg = Debug|Any CPU
		{3B686D43-D014-4AC2-80AC-B64CF55C56F6}.Debug|Any CPU.Build.0 = Debug|Any CPU
		{3B686D43-D014-4AC2-80AC-B64CF55C56F6}.Release|Any CPU.ActiveCfg = Release|Any CPU
		{3B686D43-D014-4AC2-80AC-B64CF55C56F6}.Release|Any CPU.Build.0 = Release|Any CPU
		{FAFB90F1-32C8-4FF4-B314-339611AD3963}.Debug|Any CPU.ActiveCfg = Debug|Any CPU
		{FAFB90F1-32C8-4FF4-B314-339611AD3963}.Debug|Any CPU.Build.0 = Debug|Any CPU
		{FAFB90F1-32C8-4FF4-B314-339611AD3963}.Release|Any CPU.ActiveCfg = Release|Any CPU
		{FAFB90F1-32C8-4FF4-B314-339611AD3963}.Release|Any CPU.Build.0 = Release|Any CPU
		{8908F7E9-052C-4F03-AD4F-F75D8E99F83A}.Debug|Any CPU.ActiveCfg = Debug|Any CPU
		{8908F7E9-052C-4F03-AD4F-F75D8E99F83A}.Debug|Any CPU.Build.0 = Debug|Any CPU
		{8908F7E9-052C-4F03-AD4F-F75D8E99F83A}.Release|Any CPU.ActiveCfg = Release|Any CPU
		{8908F7E9-052C-4F03-AD4F-F75D8E99F83A}.Release|Any CPU.Build.0 = Release|Any CPU
		{457E3ED0-73B5-44F6-AF25-30028772B54A}.Debug|Any CPU.ActiveCfg = Debug|Any CPU
		{457E3ED0-73B5-44F6-AF25-30028772B54A}.Debug|Any CPU.Build.0 = Debug|Any CPU
		{457E3ED0-73B5-44F6-AF25-30028772B54A}.Release|Any CPU.ActiveCfg = Release|Any CPU
		{457E3ED0-73B5-44F6-AF25-30028772B54A}.Release|Any CPU.Build.0 = Release|Any CPU
		{99C46784-5AEA-4188-806D-C7DA0A2AAE7A}.Debug|Any CPU.ActiveCfg = Debug|Any CPU
		{99C46784-5AEA-4188-806D-C7DA0A2AAE7A}.Debug|Any CPU.Build.0 = Debug|Any CPU
		{99C46784-5AEA-4188-806D-C7DA0A2AAE7A}.Release|Any CPU.ActiveCfg = Release|Any CPU
		{99C46784-5AEA-4188-806D-C7DA0A2AAE7A}.Release|Any CPU.Build.0 = Release|Any CPU
		{51D16BA6-E0BB-4B85-BD10-E991D68FF240}.Debug|Any CPU.ActiveCfg = Debug|Any CPU
		{51D16BA6-E0BB-4B85-BD10-E991D68FF240}.Debug|Any CPU.Build.0 = Debug|Any CPU
		{51D16BA6-E0BB-4B85-BD10-E991D68FF240}.Release|Any CPU.ActiveCfg = Release|Any CPU
		{51D16BA6-E0BB-4B85-BD10-E991D68FF240}.Release|Any CPU.Build.0 = Release|Any CPU
		{3B7EEE5F-EFC0-44A1-AB0E-12F17E1A665E}.Debug|Any CPU.ActiveCfg = Debug|Any CPU
		{3B7EEE5F-EFC0-44A1-AB0E-12F17E1A665E}.Debug|Any CPU.Build.0 = Debug|Any CPU
		{3B7EEE5F-EFC0-44A1-AB0E-12F17E1A665E}.Release|Any CPU.ActiveCfg = Release|Any CPU
		{3B7EEE5F-EFC0-44A1-AB0E-12F17E1A665E}.Release|Any CPU.Build.0 = Release|Any CPU
		{94FF6832-DB60-4017-9235-4002A158531F}.Debug|Any CPU.ActiveCfg = Debug|Any CPU
		{94FF6832-DB60-4017-9235-4002A158531F}.Debug|Any CPU.Build.0 = Debug|Any CPU
		{94FF6832-DB60-4017-9235-4002A158531F}.Release|Any CPU.ActiveCfg = Release|Any CPU
		{94FF6832-DB60-4017-9235-4002A158531F}.Release|Any CPU.Build.0 = Release|Any CPU
		{E8EB16A4-5D00-48F6-9D9A-74CCB3602E10}.Debug|Any CPU.ActiveCfg = Debug|Any CPU
		{E8EB16A4-5D00-48F6-9D9A-74CCB3602E10}.Debug|Any CPU.Build.0 = Debug|Any CPU
		{E8EB16A4-5D00-48F6-9D9A-74CCB3602E10}.Release|Any CPU.ActiveCfg = Release|Any CPU
		{E8EB16A4-5D00-48F6-9D9A-74CCB3602E10}.Release|Any CPU.Build.0 = Release|Any CPU
		{02CE243B-C7D8-4021-B02C-C0C3B6B87289}.Debug|Any CPU.ActiveCfg = Debug|Any CPU
		{02CE243B-C7D8-4021-B02C-C0C3B6B87289}.Debug|Any CPU.Build.0 = Debug|Any CPU
		{02CE243B-C7D8-4021-B02C-C0C3B6B87289}.Release|Any CPU.ActiveCfg = Release|Any CPU
		{02CE243B-C7D8-4021-B02C-C0C3B6B87289}.Release|Any CPU.Build.0 = Release|Any CPU
		{049E81EA-EE76-4EE6-826E-403CF1354600}.Debug|Any CPU.ActiveCfg = Debug|Any CPU
		{049E81EA-EE76-4EE6-826E-403CF1354600}.Debug|Any CPU.Build.0 = Debug|Any CPU
		{049E81EA-EE76-4EE6-826E-403CF1354600}.Release|Any CPU.ActiveCfg = Release|Any CPU
		{049E81EA-EE76-4EE6-826E-403CF1354600}.Release|Any CPU.Build.0 = Release|Any CPU
		{2FB731D9-283A-4AEC-908A-134CD3532059}.Debug|Any CPU.ActiveCfg = Debug|Any CPU
		{2FB731D9-283A-4AEC-908A-134CD3532059}.Debug|Any CPU.Build.0 = Debug|Any CPU
		{2FB731D9-283A-4AEC-908A-134CD3532059}.Release|Any CPU.ActiveCfg = Release|Any CPU
		{2FB731D9-283A-4AEC-908A-134CD3532059}.Release|Any CPU.Build.0 = Release|Any CPU
		{3F8FF605-F6FC-4834-9482-33450BCF8756}.Debug|Any CPU.ActiveCfg = Debug|Any CPU
		{3F8FF605-F6FC-4834-9482-33450BCF8756}.Debug|Any CPU.Build.0 = Debug|Any CPU
		{3F8FF605-F6FC-4834-9482-33450BCF8756}.Release|Any CPU.ActiveCfg = Release|Any CPU
		{3F8FF605-F6FC-4834-9482-33450BCF8756}.Release|Any CPU.Build.0 = Release|Any CPU
	EndGlobalSection
	GlobalSection(SolutionProperties) = preSolution
		HideSolutionNode = FALSE
	EndGlobalSection
	GlobalSection(NestedProjects) = preSolution
		{DDCAB1C9-E321-45BF-BC7F-1C634A146F8E} = {8AC82274-F01B-496F-B93E-FF1FC9A912EB}
		{AAED8363-3450-44B8-8243-DA5096C02BAE} = {DDCAB1C9-E321-45BF-BC7F-1C634A146F8E}
		{283DC603-AE29-459F-BAFB-C64B313A0A89} = {DDCAB1C9-E321-45BF-BC7F-1C634A146F8E}
		{FE891182-FC8D-4ADA-8173-D93EFFF163DA} = {8AC82274-F01B-496F-B93E-FF1FC9A912EB}
		{B0FF9836-E750-43AF-9D9F-2F9C18E2A571} = {FE891182-FC8D-4ADA-8173-D93EFFF163DA}
		{EAA871C1-C74D-48CA-AD66-BA8B1649F5BD} = {FE891182-FC8D-4ADA-8173-D93EFFF163DA}
		{F7D7084D-51F4-4F09-8557-65925ED4D5FD} = {8AC82274-F01B-496F-B93E-FF1FC9A912EB}
		{0A1A8374-F47E-4CAE-A44D-156EFC5AE427} = {F7D7084D-51F4-4F09-8557-65925ED4D5FD}
		{347ED99B-7DA9-4634-A575-B7AE0AF7D3E7} = {8AC82274-F01B-496F-B93E-FF1FC9A912EB}
		{1701FE20-53C5-453F-AFD0-B558EED9AEF7} = {347ED99B-7DA9-4634-A575-B7AE0AF7D3E7}
		{8EEC99EF-10F4-453A-8D48-96B95ABD51F5} = {F46724B2-6D04-42FA-B7AF-E8FBD7C050EB}
		{F46724B2-6D04-42FA-B7AF-E8FBD7C050EB} = {C61BF758-3435-4BCE-A16F-51E44308A652}
		{BB365219-98C6-41FA-9D79-7EC2FCE8766A} = {C61BF758-3435-4BCE-A16F-51E44308A652}
		{42037B40-909E-4F7F-B122-3BA5E3D74D77} = {BB365219-98C6-41FA-9D79-7EC2FCE8766A}
		{1133B5D4-FC8F-47E0-954C-14099D712007} = {BB365219-98C6-41FA-9D79-7EC2FCE8766A}
		{D9441719-EB37-43DC-9C6A-B1D611A83F51} = {BB365219-98C6-41FA-9D79-7EC2FCE8766A}
		{5EAC1F07-F332-46A7-A204-09AC5AEF3410} = {BB365219-98C6-41FA-9D79-7EC2FCE8766A}
		{3B686D43-D014-4AC2-80AC-B64CF55C56F6} = {A3DCEBEC-02D0-49C3-9D40-D33DEB016C0C}
		{FAFB90F1-32C8-4FF4-B314-339611AD3963} = {A3DCEBEC-02D0-49C3-9D40-D33DEB016C0C}
		{8908F7E9-052C-4F03-AD4F-F75D8E99F83A} = {A3DCEBEC-02D0-49C3-9D40-D33DEB016C0C}
		{4A4BBE71-7A8B-49FB-A4D6-692E8B6E3365} = {5D09A310-81C7-402C-A016-926A87154184}
		{457E3ED0-73B5-44F6-AF25-30028772B54A} = {4A4BBE71-7A8B-49FB-A4D6-692E8B6E3365}
		{CC29E901-EE78-46D2-8BC0-1CFE047500AB} = {5D09A310-81C7-402C-A016-926A87154184}
		{99C46784-5AEA-4188-806D-C7DA0A2AAE7A} = {CC29E901-EE78-46D2-8BC0-1CFE047500AB}
		{3E13BA11-31F6-47EF-880B-63ED146E04B8} = {5D09A310-81C7-402C-A016-926A87154184}
		{51D16BA6-E0BB-4B85-BD10-E991D68FF240} = {A3DCEBEC-02D0-49C3-9D40-D33DEB016C0C}
		{3B7EEE5F-EFC0-44A1-AB0E-12F17E1A665E} = {347ED99B-7DA9-4634-A575-B7AE0AF7D3E7}
		{94FF6832-DB60-4017-9235-4002A158531F} = {347ED99B-7DA9-4634-A575-B7AE0AF7D3E7}
		{E8EB16A4-5D00-48F6-9D9A-74CCB3602E10} = {A3DCEBEC-02D0-49C3-9D40-D33DEB016C0C}
		{049E81EA-EE76-4EE6-826E-403CF1354600} = {BD7E7F52-DA81-48CB-A79E-ECF1157EE400}
		{2FB731D9-283A-4AEC-908A-134CD3532059} = {BD7E7F52-DA81-48CB-A79E-ECF1157EE400}
		{3F8FF605-F6FC-4834-9482-33450BCF8756} = {34EA9894-93BA-41F2-9E05-C660940EBE68}
	EndGlobalSection
	GlobalSection(ExtensibilityGlobals) = postSolution
		SolutionGuid = {42923964-A4C4-497A-9D52-DA2F9DB8D205}
	EndGlobalSection
EndGlobal
